
Microsoft Visual Studio Solution File, Format Version 12.00
# Visual Studio Version 17
VisualStudioVersion = 17.0.32112.339
MinimumVisualStudioVersion = 10.0.40219.1
Project("{FAE04EC0-301F-11D3-BF4B-00C04F79EFBC}") = "MVCDependencyInjectionVoorbeeld", "MVCDependencyInjectionVoorbeeld\MVCDependencyInjectionVoorbeeld.csproj", "{E587BE6A-F608-4C70-886A-DF8E7B8A924E}"
EndProject
Global
	GlobalSection(SolutionConfigurationPlatforms) = preSolution
		Debug|Any CPU = Debug|Any CPU
		Release|Any CPU = Release|Any CPU
	EndGlobalSection
	GlobalSection(ProjectConfigurationPlatforms) = postSolution
		{E587BE6A-F608-4C70-886A-DF8E7B8A924E}.Debug|Any CPU.ActiveCfg = Debug|Any CPU
		{E587BE6A-F608-4C70-886A-DF8E7B8A924E}.Debug|Any CPU.Build.0 = Debug|Any CPU
		{E587BE6A-F608-4C70-886A-DF8E7B8A924E}.Release|Any CPU.ActiveCfg = Release|Any CPU
		{E587BE6A-F608-4C70-886A-DF8E7B8A924E}.Release|Any CPU.Build.0 = Release|Any CPU
	EndGlobalSection
	GlobalSection(SolutionProperties) = preSolution
		HideSolutionNode = FALSE
	EndGlobalSection
	GlobalSection(ExtensibilityGlobals) = postSolution
		SolutionGuid = {1D2F7C45-5C17-4BEC-A0E2-747E4C4451D8}
	EndGlobalSection
EndGlobal
